
Microsoft Visual Studio Solution File, Format Version 12.00
Project("{FAE04EC0-301F-11D3-BF4B-00C04F79EFBC}") = "API", "API\API.csproj", "{144489AF-8C0C-4369-93FC-2163E4447FD0}"
EndProject
Project("{FAE04EC0-301F-11D3-BF4B-00C04F79EFBC}") = "Domain", "Domain\Domain.csproj", "{2D26AB83-7863-4C41-963B-80CA50275412}"
EndProject
Project("{FAE04EC0-301F-11D3-BF4B-00C04F79EFBC}") = "Application", "Application\Application.csproj", "{8308F98D-AA05-4567-B25E-685ED56A76CD}"
EndProject
Project("{FAE04EC0-301F-11D3-BF4B-00C04F79EFBC}") = "Infrastructure", "Infrastructure\Infrastructure.csproj", "{CD639A25-E4D4-4CC2-9449-8C3520F349B1}"
EndProject
Global
	GlobalSection(SolutionConfigurationPlatforms) = preSolution
		Debug|Any CPU = Debug|Any CPU
		Release|Any CPU = Release|Any CPU
	EndGlobalSection
	GlobalSection(ProjectConfigurationPlatforms) = postSolution
		{144489AF-8C0C-4369-93FC-2163E4447FD0}.Debug|Any CPU.ActiveCfg = Debug|Any CPU
		{144489AF-8C0C-4369-93FC-2163E4447FD0}.Debug|Any CPU.Build.0 = Debug|Any CPU
		{144489AF-8C0C-4369-93FC-2163E4447FD0}.Release|Any CPU.ActiveCfg = Release|Any CPU
		{144489AF-8C0C-4369-93FC-2163E4447FD0}.Release|Any CPU.Build.0 = Release|Any CPU
		{2D26AB83-7863-4C41-963B-80CA50275412}.Debug|Any CPU.ActiveCfg = Debug|Any CPU
		{2D26AB83-7863-4C41-963B-80CA50275412}.Debug|Any CPU.Build.0 = Debug|Any CPU
		{2D26AB83-7863-4C41-963B-80CA50275412}.Release|Any CPU.ActiveCfg = Release|Any CPU
		{2D26AB83-7863-4C41-963B-80CA50275412}.Release|Any CPU.Build.0 = Release|Any CPU
		{8308F98D-AA05-4567-B25E-685ED56A76CD}.Debug|Any CPU.ActiveCfg = Debug|Any CPU
		{8308F98D-AA05-4567-B25E-685ED56A76CD}.Debug|Any CPU.Build.0 = Debug|Any CPU
		{8308F98D-AA05-4567-B25E-685ED56A76CD}.Release|Any CPU.ActiveCfg = Release|Any CPU
		{8308F98D-AA05-4567-B25E-685ED56A76CD}.Release|Any CPU.Build.0 = Release|Any CPU
		{CD639A25-E4D4-4CC2-9449-8C3520F349B1}.Debug|Any CPU.ActiveCfg = Debug|Any CPU
		{CD639A25-E4D4-4CC2-9449-8C3520F349B1}.Debug|Any CPU.Build.0 = Debug|Any CPU
		{CD639A25-E4D4-4CC2-9449-8C3520F349B1}.Release|Any CPU.ActiveCfg = Release|Any CPU
		{CD639A25-E4D4-4CC2-9449-8C3520F349B1}.Release|Any CPU.Build.0 = Release|Any CPU
	EndGlobalSection
EndGlobal
